
Microsoft Visual Studio Solution File, Format Version 12.00
# Visual Studio 15
VisualStudioVersion = 15.0.27703.2035
MinimumVisualStudioVersion = 10.0.40219.1
Project("{FAE04EC0-301F-11D3-BF4B-00C04F79EFBC}") = "SimpleServer", "SimpleServer\SimpleServer.csproj", "{243F0485-67B4-4C83-8F9C-D586ECE951D7}"
EndProject
Project("{FAE04EC0-301F-11D3-BF4B-00C04F79EFBC}") = "TestSimpleServer", "TestSimpleServer\TestSimpleServer.csproj", "{0CD72C51-1DD5-4E75-A206-B08ED38DBB46}"
EndProject
Global
	GlobalSection(SolutionConfigurationPlatforms) = preSolution
		Debug|Any CPU = Debug|Any CPU
		Release|Any CPU = Release|Any CPU
	EndGlobalSection
	GlobalSection(ProjectConfigurationPlatforms) = postSolution
		{243F0485-67B4-4C83-8F9C-D586ECE951D7}.Debug|Any CPU.ActiveCfg = Debug|Any CPU
		{243F0485-67B4-4C83-8F9C-D586ECE951D7}.Debug|Any CPU.Build.0 = Debug|Any CPU
		{243F0485-67B4-4C83-8F9C-D586ECE951D7}.Release|Any CPU.ActiveCfg = Release|Any CPU
		{243F0485-67B4-4C83-8F9C-D586ECE951D7}.Release|Any CPU.Build.0 = Release|Any CPU
		{0CD72C51-1DD5-4E75-A206-B08ED38DBB46}.Debug|Any CPU.ActiveCfg = Debug|Any CPU
		{0CD72C51-1DD5-4E75-A206-B08ED38DBB46}.Debug|Any CPU.Build.0 = Debug|Any CPU
		{0CD72C51-1DD5-4E75-A206-B08ED38DBB46}.Release|Any CPU.ActiveCfg = Release|Any CPU
		{0CD72C51-1DD5-4E75-A206-B08ED38DBB46}.Release|Any CPU.Build.0 = Release|Any CPU
	EndGlobalSection
	GlobalSection(SolutionProperties) = preSolution
		HideSolutionNode = FALSE
	EndGlobalSection
	GlobalSection(ExtensibilityGlobals) = postSolution
		SolutionGuid = {DBDC0801-16FC-4A5D-8829-7B821DB3F09F}
	EndGlobalSection
EndGlobal
